
Microsoft Visual Studio Solution File, Format Version 12.00
# Visual Studio 2012
Project("{FAE04EC0-301F-11D3-BF4B-00C04F79EFBC}") = "MeetApp", "MeetApp\MeetApp.csproj", "{986E3C2D-E815-42A6-B855-E77FC4428CF4}"
EndProject
Global
	GlobalSection(SolutionConfigurationPlatforms) = preSolution
		Debug|Any CPU = Debug|Any CPU
		Release|Any CPU = Release|Any CPU
	EndGlobalSection
	GlobalSection(ProjectConfigurationPlatforms) = postSolution
		{986E3C2D-E815-42A6-B855-E77FC4428CF4}.Debug|Any CPU.ActiveCfg = Debug|Any CPU
		{986E3C2D-E815-42A6-B855-E77FC4428CF4}.Debug|Any CPU.Build.0 = Debug|Any CPU
		{986E3C2D-E815-42A6-B855-E77FC4428CF4}.Release|Any CPU.ActiveCfg = Release|Any CPU
		{986E3C2D-E815-42A6-B855-E77FC4428CF4}.Release|Any CPU.Build.0 = Release|Any CPU
	EndGlobalSection
	GlobalSection(SolutionProperties) = preSolution
		HideSolutionNode = FALSE
	EndGlobalSection
EndGlobal
